
Microsoft Visual Studio Solution File, Format Version 12.00
# Visual Studio Version 16
VisualStudioVersion = 16.0.31019.35
MinimumVisualStudioVersion = 10.0.40219.1
Project("{FAE04EC0-301F-11D3-BF4B-00C04F79EFBC}") = "Unit5", "Unit5\Unit5.csproj", "{66538EB3-6DCA-4CDE-9792-3A37F7D0CFD8}"
EndProject
Global
	GlobalSection(SolutionConfigurationPlatforms) = preSolution
		Debug|Any CPU = Debug|Any CPU
		Release|Any CPU = Release|Any CPU
	EndGlobalSection
	GlobalSection(ProjectConfigurationPlatforms) = postSolution
		{66538EB3-6DCA-4CDE-9792-3A37F7D0CFD8}.Debug|Any CPU.ActiveCfg = Debug|Any CPU
		{66538EB3-6DCA-4CDE-9792-3A37F7D0CFD8}.Debug|Any CPU.Build.0 = Debug|Any CPU
		{66538EB3-6DCA-4CDE-9792-3A37F7D0CFD8}.Release|Any CPU.ActiveCfg = Release|Any CPU
		{66538EB3-6DCA-4CDE-9792-3A37F7D0CFD8}.Release|Any CPU.Build.0 = Release|Any CPU
	EndGlobalSection
	GlobalSection(SolutionProperties) = preSolution
		HideSolutionNode = FALSE
	EndGlobalSection
	GlobalSection(ExtensibilityGlobals) = postSolution
		SolutionGuid = {0B0F5F89-2F76-44A5-8329-FF03DA5B9E49}
	EndGlobalSection
EndGlobal
